
Microsoft Visual Studio Solution File, Format Version 12.00
# Visual Studio Version 17
VisualStudioVersion = 17.11.35312.102
MinimumVisualStudioVersion = 10.0.40219.1
Project("{FAE04EC0-301F-11D3-BF4B-00C04F79EFBC}") = "Selenium_Practice_2", "Selenium_Practice_2\Selenium_Practice_2.csproj", "{934E7E5B-4746-4A2A-BE5C-DCC7FC68B9FD}"
EndProject
Global
	GlobalSection(SolutionConfigurationPlatforms) = preSolution
		Debug|Any CPU = Debug|Any CPU
		Release|Any CPU = Release|Any CPU
	EndGlobalSection
	GlobalSection(ProjectConfigurationPlatforms) = postSolution
		{934E7E5B-4746-4A2A-BE5C-DCC7FC68B9FD}.Debug|Any CPU.ActiveCfg = Debug|Any CPU
		{934E7E5B-4746-4A2A-BE5C-DCC7FC68B9FD}.Debug|Any CPU.Build.0 = Debug|Any CPU
		{934E7E5B-4746-4A2A-BE5C-DCC7FC68B9FD}.Release|Any CPU.ActiveCfg = Release|Any CPU
		{934E7E5B-4746-4A2A-BE5C-DCC7FC68B9FD}.Release|Any CPU.Build.0 = Release|Any CPU
	EndGlobalSection
	GlobalSection(SolutionProperties) = preSolution
		HideSolutionNode = FALSE
	EndGlobalSection
	GlobalSection(ExtensibilityGlobals) = postSolution
		SolutionGuid = {4B90228B-01EC-446C-91CF-0ABF1855C313}
	EndGlobalSection
EndGlobal
